github.com/dq1Mango/gograph v0.0.0-20260311161907-90b1cf517736 h1:0vx4AJ8S4SLOrkuL5hNrJ3GaMtlu/qIx5ZDYVNKeKnQ=
github.com/dq1Mango/gograph v0.0.0-20260311161907-90b1cf517736/go.mod h1:aM2kpYxquKzDCtF+K5LmRoY9oDBR0saNo7Bq++JYNYM=
github.com/hexops/vecty v0.6.0 h1:iiHfDOLEJufGy/hfPGzOTPkZe6rCszElYmUSzRQqK1w=
github.com/hexops/vecty v0.6.0/go.mod h1:hVOPHAhrkXTf/9fl31Bpn2QvkW2ZOUZ0I3b3cohwCpI=
github.com/yuin/goldmark v1.7.16/go.mod h1:ip/1k0VRfGynBgxOz0yCqHrbZXhcjxyuS66Brc7iBKg=
